
Microsoft Visual Studio Solution File, Format Version 12.00
# Visual Studio 16
Project("{FAE04EC0-301F-11D3-BF4B-00C04F79EFBC}") = "Assembly-CSharp", "Assembly-CSharp.csproj", "{67AD5AEF-C027-F2DC-5AF9-3AF3874EB5C2}"
EndProject
Project("{FAE04EC0-301F-11D3-BF4B-00C04F79EFBC}") = "MacBLAS", "MacBLAS.csproj", "{C94D71E3-DDCB-A691-76F3-60A778B37D61}"
EndProject
Project("{FAE04EC0-301F-11D3-BF4B-00C04F79EFBC}") = "iOSBLAS", "iOSBLAS.csproj", "{71A88D9C-DEA8-447F-F32B-31C907AC8AC3}"
EndProject
Project("{FAE04EC0-301F-11D3-BF4B-00C04F79EFBC}") = "Assembly-CSharp-Editor", "Assembly-CSharp-Editor.csproj", "{C1733E2F-2390-18D4-8C14-EC1941B011EA}"
EndProject
Project("{FAE04EC0-301F-11D3-BF4B-00C04F79EFBC}") = "Barracuda-editor", "Barracuda-editor.csproj", "{C374DF99-D98F-D169-7198-D24AF4355897}"
EndProject
Global
	GlobalSection(SolutionConfigurationPlatforms) = preSolution
		Debug|Any CPU = Debug|Any CPU
		Release|Any CPU = Release|Any CPU
	EndGlobalSection
	GlobalSection(ProjectConfigurationPlatforms) = postSolution
		{67AD5AEF-C027-F2DC-5AF9-3AF3874EB5C2}.Debug|Any CPU.ActiveCfg = Debug|Any CPU
		{67AD5AEF-C027-F2DC-5AF9-3AF3874EB5C2}.Debug|Any CPU.Build.0 = Debug|Any CPU
		{67AD5AEF-C027-F2DC-5AF9-3AF3874EB5C2}.Release|Any CPU.ActiveCfg = Release|Any CPU
		{67AD5AEF-C027-F2DC-5AF9-3AF3874EB5C2}.Release|Any CPU.Build.0 = Release|Any CPU
		{C94D71E3-DDCB-A691-76F3-60A778B37D61}.Debug|Any CPU.ActiveCfg = Debug|Any CPU
		{C94D71E3-DDCB-A691-76F3-60A778B37D61}.Debug|Any CPU.Build.0 = Debug|Any CPU
		{C94D71E3-DDCB-A691-76F3-60A778B37D61}.Release|Any CPU.ActiveCfg = Release|Any CPU
		{C94D71E3-DDCB-A691-76F3-60A778B37D61}.Release|Any CPU.Build.0 = Release|Any CPU
		{71A88D9C-DEA8-447F-F32B-31C907AC8AC3}.Debug|Any CPU.ActiveCfg = Debug|Any CPU
		{71A88D9C-DEA8-447F-F32B-31C907AC8AC3}.Debug|Any CPU.Build.0 = Debug|Any CPU
		{71A88D9C-DEA8-447F-F32B-31C907AC8AC3}.Release|Any CPU.ActiveCfg = Release|Any CPU
		{71A88D9C-DEA8-447F-F32B-31C907AC8AC3}.Release|Any CPU.Build.0 = Release|Any CPU
		{C1733E2F-2390-18D4-8C14-EC1941B011EA}.Debug|Any CPU.ActiveCfg = Debug|Any CPU
		{C1733E2F-2390-18D4-8C14-EC1941B011EA}.Debug|Any CPU.Build.0 = Debug|Any CPU
		{C1733E2F-2390-18D4-8C14-EC1941B011EA}.Release|Any CPU.ActiveCfg = Release|Any CPU
		{C1733E2F-2390-18D4-8C14-EC1941B011EA}.Release|Any CPU.Build.0 = Release|Any CPU
		{C374DF99-D98F-D169-7198-D24AF4355897}.Debug|Any CPU.ActiveCfg = Debug|Any CPU
		{C374DF99-D98F-D169-7198-D24AF4355897}.Debug|Any CPU.Build.0 = Debug|Any CPU
		{C374DF99-D98F-D169-7198-D24AF4355897}.Release|Any CPU.ActiveCfg = Release|Any CPU
		{C374DF99-D98F-D169-7198-D24AF4355897}.Release|Any CPU.Build.0 = Release|Any CPU
	EndGlobalSection
	GlobalSection(SolutionProperties) = preSolution
		HideSolutionNode = FALSE
	EndGlobalSection
	GlobalSection(MonoDevelopProperties) = preSolution
		StartupItem = Assembly-CSharp.csproj
	EndGlobalSection
EndGlobal
